// !$*UTF8*$!
{
	archiveVersion = 1;
	classes = {
	};
	objectVersion = 46;
	objects = {

/* Begin PBXBuildFile section */
		A4BB441C1F4C8D2F00C711FC /* RunTimeModel.m in Sources */ = {isa = PBXBuildFile; fileRef = A4BB44161F4C8D2F00C711FC /* RunTimeModel.m */; };
		A4BB441E1F4C8D2F00C711FC /* TestModel.m in Sources */ = {isa = PBXBuildFile; fileRef = A4BB441A1F4C8D2F00C711FC /* TestModel.m */; };
		A4BB44211F4C8D4900C711FC /* TestModel+String.m in Sources */ = {isa = PBXBuildFile; fileRef = A4BB44201F4C8D4900C711FC /* TestModel+String.m */; };
		A4D7BF161F4B1C4F00C67BCF /* main.m in Sources */ = {isa = PBXBuildFile; fileRef = A4D7BF151F4B1C4F00C67BCF /* main.m */; };
		A4D7BF2F1F4B1C4F00C67BCF /* __RunTimeTests.m in Sources */ = {isa = PBXBuildFile; fileRef = A4D7BF2E1F4B1C4F00C67BCF /* __RunTimeTests.m */; };
		A4D7BF3A1F4B1C4F00C67BCF /* __RunTimeUITests.m in Sources */ = {isa = PBXBuildFile; fileRef = A4D7BF391F4B1C4F00C67BCF /* __RunTimeUITests.m */; };
		A4D7BF511F4B1C7500C67BCF /* AppDelegate.m in Sources */ = {isa = PBXBuildFile; fileRef = A4D7BF491F4B1C7500C67BCF /* AppDelegate.m */; };
		A4D7BF521F4B1C7500C67BCF /* Assets.xcassets in Resources */ = {isa = PBXBuildFile; fileRef = A4D7BF4B1F4B1C7500C67BCF /* Assets.xcassets */; };
		A4D7BF531F4B1C7500C67BCF /* LaunchScreen.storyboard in Resources */ = {isa = PBXBuildFile; fileRef = A4D7BF4C1F4B1C7500C67BCF /* LaunchScreen.storyboard */; };
		A4D7BF541F4B1C7500C67BCF /* Main.storyboard in Resources */ = {isa = PBXBuildFile; fileRef = A4D7BF4E1F4B1C7500C67BCF /* Main.storyboard */; };
		A4D7BF551F4B1C7500C67BCF /* Info.plist in Resources */ = {isa = PBXBuildFile; fileRef = A4D7BF501F4B1C7500C67BCF /* Info.plist */; };
		A4D7BF5B1F4B1D9A00C67BCF /* RunTimeController.m in Sources */ = {isa = PBXBuildFile; fileRef = A4D7BF5A1F4B1D9A00C67BCF /* RunTimeController.m */; };
/* End PBXBuildFile section */

/* Begin PBXContainerItemProxy section */
		A4D7BF2B1F4B1C4F00C67BCF /* PBXContainerItemProxy */ = {
			isa = PBXContainerItemProxy;
			containerPortal = A4D7BF091F4B1C4F00C67BCF /* Project object */;
			proxyType = 1;
			remoteGlobalIDString = A4D7BF101F4B1C4F00C67BCF;
			remoteInfo = 1.RunTime;
		};
		A4D7BF361F4B1C4F00C67BCF /* PBXContainerItemProxy */ = {
			isa = PBXContainerItemProxy;
			containerPortal = A4D7BF091F4B1C4F00C67BCF /* Project object */;
			proxyType = 1;
			remoteGlobalIDString = A4D7BF101F4B1C4F00C67BCF;
			remoteInfo = 1.RunTime;
		};
/* End PBXContainerItemProxy section */

/* Begin PBXFileReference section */
		A4BB44151F4C8D2F00C711FC /* RunTimeModel.h */ = {isa = PBXFileReference; fileEncoding = 4; lastKnownFileType = sourcecode.c.h; path = RunTimeModel.h; sourceTree = "<group>"; };
		A4BB44161F4C8D2F00C711FC /* RunTimeModel.m */ = {isa = PBXFileReference; fileEncoding = 4; lastKnownFileType = sourcecode.c.objc; path = RunTimeModel.m; sourceTree = "<group>"; };
		A4BB44191F4C8D2F00C711FC /* TestModel.h */ = {isa = PBXFileReference; fileEncoding = 4; lastKnownFileType = sourcecode.c.h; path = TestModel.h; sourceTree = "<group>"; };
		A4BB441A1F4C8D2F00C711FC /* TestModel.m */ = {isa = PBXFileReference; fileEncoding = 4; lastKnownFileType = sourcecode.c.objc; path = TestModel.m; sourceTree = "<group>"; };
		A4BB441F1F4C8D4900C711FC /* TestModel+String.h */ = {isa = PBXFileReference; fileEncoding = 4; lastKnownFileType = sourcecode.c.h; path = "TestModel+String.h"; sourceTree = "<group>"; };
		A4BB44201F4C8D4900C711FC /* TestModel+String.m */ = {isa = PBXFileReference; fileEncoding = 4; lastKnownFileType = sourcecode.c.objc; path = "TestModel+String.m"; sourceTree = "<group>"; };
		A4D7BF111F4B1C4F00C67BCF /* 1.RunTime.app */ = {isa = PBXFileReference; explicitFileType = wrapper.application; includeInIndex = 0; path = 1.RunTime.app; sourceTree = BUILT_PRODUCTS_DIR; };
		A4D7BF151F4B1C4F00C67BCF /* main.m */ = {isa = PBXFileReference; lastKnownFileType = sourcecode.c.objc; path = main.m; sourceTree = "<group>"; };
		A4D7BF2A1F4B1C4F00C67BCF /* 1.RunTimeTests.xctest */ = {isa = PBXFileReference; explicitFileType = wrapper.cfbundle; includeInIndex = 0; path = 1.RunTimeTests.xctest; sourceTree = BUILT_PRODUCTS_DIR; };
		A4D7BF2E1F4B1C4F00C67BCF /* __RunTimeTests.m */ = {isa = PBXFileReference; lastKnownFileType = sourcecode.c.objc; path = __RunTimeTests.m; sourceTree = "<group>"; };
		A4D7BF301F4B1C4F00C67BCF /* Info.plist */ = {isa = PBXFileReference; lastKnownFileType = text.plist.xml; path = Info.plist; sourceTree = "<group>"; };
		A4D7BF351F4B1C4F00C67BCF /* 1.RunTimeUITests.xctest */ = {isa = PBXFileReference; explicitFileType = wrapper.cfbundle; includeInIndex = 0; path = 1.RunTimeUITests.xctest; sourceTree = BUILT_PRODUCTS_DIR; };
		A4D7BF391F4B1C4F00C67BCF /* __RunTimeUITests.m */ = {isa = PBXFileReference; lastKnownFileType = sourcecode.c.objc; path = __RunTimeUITests.m; sourceTree = "<group>"; };
		A4D7BF3B1F4B1C4F00C67BCF /* Info.plist */ = {isa = PBXFileReference; lastKnownFileType = text.plist.xml; path = Info.plist; sourceTree = "<group>"; };
		A4D7BF481F4B1C7500C67BCF /* AppDelegate.h */ = {isa = PBXFileReference; fileEncoding = 4; lastKnownFileType = sourcecode.c.h; path = AppDelegate.h; sourceTree = "<group>"; };
		A4D7BF491F4B1C7500C67BCF /* AppDelegate.m */ = {isa = PBXFileReference; fileEncoding = 4; lastKnownFileType = sourcecode.c.objc; path = AppDelegate.m; sourceTree = "<group>"; };
		A4D7BF4B1F4B1C7500C67BCF /* Assets.xcassets */ = {isa = PBXFileReference; lastKnownFileType = folder.assetcatalog; path = Assets.xcassets; sourceTree = "<group>"; };
		A4D7BF4D1F4B1C7500C67BCF /* Base */ = {isa = PBXFileReference; lastKnownFileType = file.storyboard; name = Base; path = Base.lproj/LaunchScreen.storyboard; sourceTree = "<group>"; };
		A4D7BF4F1F4B1C7500C67BCF /* Base */ = {isa = PBXFileReference; lastKnownFileType = file.storyboard; name = Base; path = Base.lproj/Main.storyboard; sourceTree = "<group>"; };
		A4D7BF501F4B1C7500C67BCF /* Info.plist */ = {isa = PBXFileReference; fileEncoding = 4; lastKnownFileType = text.plist.xml; path = Info.plist; sourceTree = "<group>"; };
		A4D7BF591F4B1D9A00C67BCF /* RunTimeController.h */ = {isa = PBXFileReference; fileEncoding = 4; lastKnownFileType = sourcecode.c.h; path = RunTimeController.h; sourceTree = "<group>"; };
		A4D7BF5A1F4B1D9A00C67BCF /* RunTimeController.m */ = {isa = PBXFileReference; fileEncoding = 4; lastKnownFileType = sourcecode.c.objc; path = RunTimeController.m; sourceTree = "<group>"; };
/* End PBXFileReference section */

/* Begin PBXFrameworksBuildPhase section */
		A4D7BF0E1F4B1C4F00C67BCF /* Frameworks */ = {
			isa = PBXFrameworksBuildPhase;
			buildActionMask = 2147483647;
			files = (
			);
			runOnlyForDeploymentPostprocessing = 0;
		};
		A4D7BF271F4B1C4F00C67BCF /* Frameworks */ = {
			isa = PBXFrameworksBuildPhase;
			buildActionMask = 2147483647;
			files = (
			);
			runOnlyForDeploymentPostprocessing = 0;
		};
		A4D7BF321F4B1C4F00C67BCF /* Frameworks */ = {
			isa = PBXFrameworksBuildPhase;
			buildActionMask = 2147483647;
			files = (
			);
			runOnlyForDeploymentPostprocessing = 0;
		};
/* End PBXFrameworksBuildPhase section */

/* Begin PBXGroup section */
		A4BB44101F4C8D2900C711FC /* Category */ = {
			isa = PBXGroup;
			children = (
				A4BB44111F4C8D2900C711FC /* TestModel+String */,
			);
			path = Category;
			sourceTree = "<group>";
		};
		A4BB44111F4C8D2900C711FC /* TestModel+String */ = {
			isa = PBXGroup;
			children = (
				A4BB441F1F4C8D4900C711FC /* TestModel+String.h */,
				A4BB44201F4C8D4900C711FC /* TestModel+String.m */,
			);
			path = "TestModel+String";
			sourceTree = "<group>";
		};
		A4BB44121F4C8D2F00C711FC /* Model */ = {
			isa = PBXGroup;
			children = (
				A4BB44131F4C8D2F00C711FC /* RunTimeModel */,
				A4BB44171F4C8D2F00C711FC /* TestModel */,
			);
			path = Model;
			sourceTree = "<group>";
		};
		A4BB44131F4C8D2F00C711FC /* RunTimeModel */ = {
			isa = PBXGroup;
			children = (
				A4BB44151F4C8D2F00C711FC /* RunTimeModel.h */,
				A4BB44161F4C8D2F00C711FC /* RunTimeModel.m */,
			);
			path = RunTimeModel;
			sourceTree = "<group>";
		};
		A4BB44171F4C8D2F00C711FC /* TestModel */ = {
			isa = PBXGroup;
			children = (
				A4BB44191F4C8D2F00C711FC /* TestModel.h */,
				A4BB441A1F4C8D2F00C711FC /* TestModel.m */,
			);
			path = TestModel;
			sourceTree = "<group>";
		};
		A4D7BF081F4B1C4F00C67BCF = {
			isa = PBXGroup;
			children = (
				A4D7BF131F4B1C4F00C67BCF /* 1.RunTime */,
				A4D7BF2D1F4B1C4F00C67BCF /* 1.RunTimeTests */,
				A4D7BF381F4B1C4F00C67BCF /* 1.RunTimeUITests */,
				A4D7BF121F4B1C4F00C67BCF /* Products */,
			);
			sourceTree = "<group>";
		};
		A4D7BF121F4B1C4F00C67BCF /* Products */ = {
			isa = PBXGroup;
			children = (
				A4D7BF111F4B1C4F00C67BCF /* 1.RunTime.app */,
				A4D7BF2A1F4B1C4F00C67BCF /* 1.RunTimeTests.xctest */,
				A4D7BF351F4B1C4F00C67BCF /* 1.RunTimeUITests.xctest */,
			);
			name = Products;
			sourceTree = "<group>";
		};
		A4D7BF131F4B1C4F00C67BCF /* 1.RunTime */ = {
			isa = PBXGroup;
			children = (
				A4D7BF471F4B1C7400C67BCF /* AppDelegate */,
				A4D7BF561F4B1C8C00C67BCF /* Module */,
				A4D7BF4A1F4B1C7500C67BCF /* Resource */,
				A4D7BF141F4B1C4F00C67BCF /* Supporting Files */,
			);
			path = 1.RunTime;
			sourceTree = "<group>";
		};
		A4D7BF141F4B1C4F00C67BCF /* Supporting Files */ = {
			isa = PBXGroup;
			children = (
				A4D7BF151F4B1C4F00C67BCF /* main.m */,
			);
			name = "Supporting Files";
			sourceTree = "<group>";
		};
		A4D7BF2D1F4B1C4F00C67BCF /* 1.RunTimeTests */ = {
			isa = PBXGroup;
			children = (
				A4D7BF2E1F4B1C4F00C67BCF /* __RunTimeTests.m */,
				A4D7BF301F4B1C4F00C67BCF /* Info.plist */,
			);
			path = 1.RunTimeTests;
			sourceTree = "<group>";
		};
		A4D7BF381F4B1C4F00C67BCF /* 1.RunTimeUITests */ = {
			isa = PBXGroup;
			children = (
				A4D7BF391F4B1C4F00C67BCF /* __RunTimeUITests.m */,
				A4D7BF3B1F4B1C4F00C67BCF /* Info.plist */,
			);
			path = 1.RunTimeUITests;
			sourceTree = "<group>";
		};
		A4D7BF471F4B1C7400C67BCF /* AppDelegate */ = {
			isa = PBXGroup;
			children = (
				A4D7BF481F4B1C7500C67BCF /* AppDelegate.h */,
				A4D7BF491F4B1C7500C67BCF /* AppDelegate.m */,
			);
			path = AppDelegate;
			sourceTree = "<group>";
		};
		A4D7BF4A1F4B1C7500C67BCF /* Resource */ = {
			isa = PBXGroup;
			children = (
				A4D7BF4B1F4B1C7500C67BCF /* Assets.xcassets */,
				A4D7BF4C1F4B1C7500C67BCF /* LaunchScreen.storyboard */,
				A4D7BF4E1F4B1C7500C67BCF /* Main.storyboard */,
				A4D7BF501F4B1C7500C67BCF /* Info.plist */,
			);
			path = Resource;
			sourceTree = "<group>";
		};
		A4D7BF561F4B1C8C00C67BCF /* Module */ = {
			isa = PBXGroup;
			children = (
				A4D7BF571F4B1C8C00C67BCF /* RunTime */,
			);
			path = Module;
			sourceTree = "<group>";
		};
		A4D7BF571F4B1C8C00C67BCF /* RunTime */ = {
			isa = PBXGroup;
			children = (
				A4BB44121F4C8D2F00C711FC /* Model */,
				A4BB44101F4C8D2900C711FC /* Category */,
				A4D7BF581F4B1C8C00C67BCF /* Controller */,
			);
			path = RunTime;
			sourceTree = "<group>";
		};
		A4D7BF581F4B1C8C00C67BCF /* Controller */ = {
			isa = PBXGroup;
			children = (
				A4D7BF591F4B1D9A00C67BCF /* RunTimeController.h */,
				A4D7BF5A1F4B1D9A00C67BCF /* RunTimeController.m */,
			);
			path = Controller;
			sourceTree = "<group>";
		};
/* End PBXGroup section */

/* Begin PBXNativeTarget section */
		A4D7BF101F4B1C4F00C67BCF /* 1.RunTime */ = {
			isa = PBXNativeTarget;
			buildConfigurationList = A4D7BF3E1F4B1C4F00C67BCF /* Build configuration list for PBXNativeTarget "1.RunTime" */;
			buildPhases = (
				A4D7BF0D1F4B1C4F00C67BCF /* Sources */,
				A4D7BF0E1F4B1C4F00C67BCF /* Frameworks */,
				A4D7BF0F1F4B1C4F00C67BCF /* Resources */,
			);
			buildRules = (
			);
			dependencies = (
			);
			name = 1.RunTime;
			productName = 1.RunTime;
			productReference = A4D7BF111F4B1C4F00C67BCF /* 1.RunTime.app */;
			productType = "com.apple.product-type.application";
		};
		A4D7BF291F4B1C4F00C67BCF /* 1.RunTimeTests */ = {
			isa = PBXNativeTarget;
			buildConfigurationList = A4D7BF411F4B1C4F00C67BCF /* Build configuration list for PBXNativeTarget "1.RunTimeTests" */;
			buildPhases = (
				A4D7BF261F4B1C4F00C67BCF /* Sources */,
				A4D7BF271F4B1C4F00C67BCF /* Frameworks */,
				A4D7BF281F4B1C4F00C67BCF /* Resources */,
			);
			buildRules = (
			);
			dependencies = (
				A4D7BF2C1F4B1C4F00C67BCF /* PBXTargetDependency */,
			);
			name = 1.RunTimeTests;
			productName = 1.RunTimeTests;
			productReference = A4D7BF2A1F4B1C4F00C67BCF /* 1.RunTimeTests.xctest */;
			productType = "com.apple.product-type.bundle.unit-test";
		};
		A4D7BF341F4B1C4F00C67BCF /* 1.RunTimeUITests */ = {
			isa = PBXNativeTarget;
			buildConfigurationList = A4D7BF441F4B1C4F00C67BCF /* Build configuration list for PBXNativeTarget "1.RunTimeUITests" */;
			buildPhases = (
				A4D7BF311F4B1C4F00C67BCF /* Sources */,
				A4D7BF321F4B1C4F00C67BCF /* Frameworks */,
				A4D7BF331F4B1C4F00C67BCF /* Resources */,
			);
			buildRules = (
			);
			dependencies = (
				A4D7BF371F4B1C4F00C67BCF /* PBXTargetDependency */,
			);
			name = 1.RunTimeUITests;
			productName = 1.RunTimeUITests;
			productReference = A4D7BF351F4B1C4F00C67BCF /* 1.RunTimeUITests.xctest */;
			productType = "com.apple.product-type.bundle.ui-testing";
		};
/* End PBXNativeTarget section */

/* Begin PBXProject section */
		A4D7BF091F4B1C4F00C67BCF /* Project object */ = {
			isa = PBXProject;
			attributes = {
				LastUpgradeCheck = 0830;
				ORGANIZATIONNAME = Cain;
				TargetAttributes = {
					A4D7BF101F4B1C4F00C67BCF = {
						CreatedOnToolsVersion = 8.3.3;
						ProvisioningStyle = Automatic;
					};
					A4D7BF291F4B1C4F00C67BCF = {
						CreatedOnToolsVersion = 8.3.3;
						ProvisioningStyle = Automatic;
						TestTargetID = A4D7BF101F4B1C4F00C67BCF;
					};
					A4D7BF341F4B1C4F00C67BCF = {
						CreatedOnToolsVersion = 8.3.3;
						ProvisioningStyle = Automatic;
						TestTargetID = A4D7BF101F4B1C4F00C67BCF;
					};
				};
			};
			buildConfigurationList = A4D7BF0C1F4B1C4F00C67BCF /* Build configuration list for PBXProject "1.RunTime" */;
			compatibilityVersion = "Xcode 3.2";
			developmentRegion = English;
			hasScannedForEncodings = 0;
			knownRegions = (
				en,
				Base,
			);
			mainGroup = A4D7BF081F4B1C4F00C67BCF;
			productRefGroup = A4D7BF121F4B1C4F00C67BCF /* Products */;
			projectDirPath = "";
			projectRoot = "";
			targets = (
				A4D7BF101F4B1C4F00C67BCF /* 1.RunTime */,
				A4D7BF291F4B1C4F00C67BCF /* 1.RunTimeTests */,
				A4D7BF341F4B1C4F00C67BCF /* 1.RunTimeUITests */,
			);
		};
/* End PBXProject section */

/* Begin PBXResourcesBuildPhase section */
		A4D7BF0F1F4B1C4F00C67BCF /* Resources */ = {
			isa = PBXResourcesBuildPhase;
			buildActionMask = 2147483647;
			files = (
				A4D7BF521F4B1C7500C67BCF /* Assets.xcassets in Resources */,
				A4D7BF541F4B1C7500C67BCF /* Main.storyboard in Resources */,
				A4D7BF531F4B1C7500C67BCF /* LaunchScreen.storyboard in Resources */,
				A4D7BF551F4B1C7500C67BCF /* Info.plist in Resources */,
			);
			runOnlyForDeploymentPostprocessing = 0;
		};
		A4D7BF281F4B1C4F00C67BCF /* Resources */ = {
			isa = PBXResourcesBuildPhase;
			buildActionMask = 2147483647;
			files = (
			);
			runOnlyForDeploymentPostprocessing = 0;
		};
		A4D7BF331F4B1C4F00C67BCF /* Resources */ = {
			isa = PBXResourcesBuildPhase;
			buildActionMask = 2147483647;
			files = (
			);
			runOnlyForDeploymentPostprocessing = 0;
		};
/* End PBXResourcesBuildPhase section */

/* Begin PBXSourcesBuildPhase section */
		A4D7BF0D1F4B1C4F00C67BCF /* Sources */ = {
			isa = PBXSourcesBuildPhase;
			buildActionMask = 2147483647;
			files = (
				A4BB44211F4C8D4900C711FC /* TestModel+String.m in Sources */,
				A4D7BF5B1F4B1D9A00C67BCF /* RunTimeController.m in Sources */,
				A4BB441C1F4C8D2F00C711FC /* RunTimeModel.m in Sources */,
				A4D7BF511F4B1C7500C67BCF /* AppDelegate.m in Sources */,
				A4BB441E1F4C8D2F00C711FC /* TestModel.m in Sources */,
				A4D7BF161F4B1C4F00C67BCF /* main.m in Sources */,
			);
			runOnlyForDeploymentPostprocessing = 0;
		};
		A4D7BF261F4B1C4F00C67BCF /* Sources */ = {
			isa = PBXSourcesBuildPhase;
			buildActionMask = 2147483647;
			files = (
				A4D7BF2F1F4B1C4F00C67BCF /* __RunTimeTests.m in Sources */,
			);
			runOnlyForDeploymentPostprocessing = 0;
		};
		A4D7BF311F4B1C4F00C67BCF /* Sources */ = {
			isa = PBXSourcesBuildPhase;
			buildActionMask = 2147483647;
			files = (
				A4D7BF3A1F4B1C4F00C67BCF /* __RunTimeUITests.m in Sources */,
			);
			runOnlyForDeploymentPostprocessing = 0;
		};
/* End PBXSourcesBuildPhase section */

/* Begin PBXTargetDependency section */
		A4D7BF2C1F4B1C4F00C67BCF /* PBXTargetDependency */ = {
			isa = PBXTargetDependency;
			target = A4D7BF101F4B1C4F00C67BCF /* 1.RunTime */;
			targetProxy = A4D7BF2B1F4B1C4F00C67BCF /* PBXContainerItemProxy */;
		};
		A4D7BF371F4B1C4F00C67BCF /* PBXTargetDependency */ = {
			isa = PBXTargetDependency;
			target = A4D7BF101F4B1C4F00C67BCF /* 1.RunTime */;
			targetProxy = A4D7BF361F4B1C4F00C67BCF /* PBXContainerItemProxy */;
		};
/* End PBXTargetDependency section */

/* Begin PBXVariantGroup section */
		A4D7BF4C1F4B1C7500C67BCF /* LaunchScreen.storyboard */ = {
			isa = PBXVariantGroup;
			children = (
				A4D7BF4D1F4B1C7500C67BCF /* Base */,
			);
			name = LaunchScreen.storyboard;
			sourceTree = "<group>";
		};
		A4D7BF4E1F4B1C7500C67BCF /* Main.storyboard */ = {
			isa = PBXVariantGroup;
			children = (
				A4D7BF4F1F4B1C7500C67BCF /* Base */,
			);
			name = Main.storyboard;
			sourceTree = "<group>";
		};
/* End PBXVariantGroup section */

/* Begin XCBuildConfiguration section */
		A4D7BF3C1F4B1C4F00C67BCF /* Debug */ = {
			isa = XCBuildConfiguration;
			buildSettings = {
				ALWAYS_SEARCH_USER_PATHS = NO;
				CLANG_ANALYZER_NONNULL = YES;
				CLANG_ANALYZER_NUMBER_OBJECT_CONVERSION = YES_AGGRESSIVE;
				CLANG_CXX_LANGUAGE_STANDARD = "gnu++0x";
				CLANG_CXX_LIBRARY = "libc++";
				CLANG_ENABLE_MODULES = YES;
				CLANG_ENABLE_OBJC_ARC = YES;
				CLANG_WARN_BOOL_CONVERSION = YES;
				CLANG_WARN_CONSTANT_CONVERSION = YES;
				CLANG_WARN_DIRECT_OBJC_ISA_USAGE = YES_ERROR;
				CLANG_WARN_DOCUMENTATION_COMMENTS = YES;
				CLANG_WARN_EMPTY_BODY = YES;
				CLANG_WARN_ENUM_CONVERSION = YES;
				CLANG_WARN_INFINITE_RECURSION = YES;
				CLANG_WARN_INT_CONVERSION = YES;
				CLANG_WARN_OBJC_ROOT_CLASS = YES_ERROR;
				CLANG_WARN_SUSPICIOUS_MOVE = YES;
				CLANG_WARN_UNREACHABLE_CODE = YES;
				CLANG_WARN__DUPLICATE_METHOD_MATCH = YES;
				"CODE_SIGN_IDENTITY[sdk=iphoneos*]" = "iPhone Developer";
				COPY_PHASE_STRIP = NO;
				DEBUG_INFORMATION_FORMAT = dwarf;
				ENABLE_STRICT_OBJC_MSGSEND = YES;
				ENABLE_TESTABILITY = YES;
				GCC_C_LANGUAGE_STANDARD = gnu99;
				GCC_DYNAMIC_NO_PIC = NO;
				GCC_NO_COMMON_BLOCKS = YES;
				GCC_OPTIMIZATION_LEVEL = 0;
				GCC_PREPROCESSOR_DEFINITIONS = (
					"DEBUG=1",
					"$(inherited)",
				);
				GCC_WARN_64_TO_32_BIT_CONVERSION = YES;
				GCC_WARN_ABOUT_RETURN_TYPE = YES_ERROR;
				GCC_WARN_UNDECLARED_SELECTOR = YES;
				GCC_WARN_UNINITIALIZED_AUTOS = YES_AGGRESSIVE;
				GCC_WARN_UNUSED_FUNCTION = YES;
				GCC_WARN_UNUSED_VARIABLE = YES;
				IPHONEOS_DEPLOYMENT_TARGET = 10.3;
				MTL_ENABLE_DEBUG_INFO = YES;
				ONLY_ACTIVE_ARCH = YES;
				SDKROOT = iphoneos;
				TARGETED_DEVICE_FAMILY = "1,2";
			};
			name = Debug;
		};
		A4D7BF3D1F4B1C4F00C67BCF /* Release */ = {
			isa = XCBuildConfiguration;
			buildSettings = {
				ALWAYS_SEARCH_USER_PATHS = NO;
				CLANG_ANALYZER_NONNULL = YES;
				CLANG_ANALYZER_NUMBER_OBJECT_CONVERSION = YES_AGGRESSIVE;
				CLANG_CXX_LANGUAGE_STANDARD = "gnu++0x";
				CLANG_CXX_LIBRARY = "libc++";
				CLANG_ENABLE_MODULES = YES;
				CLANG_ENABLE_OBJC_ARC = YES;
				CLANG_WARN_BOOL_CONVERSION = YES;
				CLANG_WARN_CONSTANT_CONVERSION = YES;
				CLANG_WARN_DIRECT_OBJC_ISA_USAGE = YES_ERROR;
				CLANG_WARN_DOCUMENTATION_COMMENTS = YES;
				CLANG_WARN_EMPTY_BODY = YES;
				CLANG_WARN_ENUM_CONVERSION = YES;
				CLANG_WARN_INFINITE_RECURSION = YES;
				CLANG_WARN_INT_CONVERSION = YES;
				CLANG_WARN_OBJC_ROOT_CLASS = YES_ERROR;
				CLANG_WARN_SUSPICIOUS_MOVE = YES;
				CLANG_WARN_UNREACHABLE_CODE = YES;
				CLANG_WARN__DUPLICATE_METHOD_MATCH = YES;
				"CODE_SIGN_IDENTITY[sdk=iphoneos*]" = "iPhone Developer";
				COPY_PHASE_STRIP = NO;
				DEBUG_INFORMATION_FORMAT = "dwarf-with-dsym";
				ENABLE_NS_ASSERTIONS = NO;
				ENABLE_STRICT_OBJC_MSGSEND = YES;
				GCC_C_LANGUAGE_STANDARD = gnu99;
				GCC_NO_COMMON_BLOCKS = YES;
				GCC_WARN_64_TO_32_BIT_CONVERSION = YES;
				GCC_WARN_ABOUT_RETURN_TYPE = YES_ERROR;
				GCC_WARN_UNDECLARED_SELECTOR = YES;
				GCC_WARN_UNINITIALIZED_AUTOS = YES_AGGRESSIVE;
				GCC_WARN_UNUSED_FUNCTION = YES;
				GCC_WARN_UNUSED_VARIABLE = YES;
				IPHONEOS_DEPLOYMENT_TARGET = 10.3;
				MTL_ENABLE_DEBUG_INFO = NO;
				SDKROOT = iphoneos;
				TARGETED_DEVICE_FAMILY = "1,2";
				VALIDATE_PRODUCT = YES;
			};
			name = Release;
		};
		A4D7BF3F1F4B1C4F00C67BCF /* Debug */ = {
			isa = XCBuildConfiguration;
			buildSettings = {
				ASSETCATALOG_COMPILER_APPICON_NAME = AppIcon;
				INFOPLIST_FILE = "$(SRCROOT)/1.RunTime/Resource/Info.plist";
				IPHONEOS_DEPLOYMENT_TARGET = 8.0;
				LD_RUNPATH_SEARCH_PATHS = "$(inherited) @executable_path/Frameworks";
				PRODUCT_BUNDLE_IDENTIFIER = "com.runTime.RunTime.--RunTime";
				PRODUCT_NAME = "$(TARGET_NAME)";
			};
			name = Debug;
		};
		A4D7BF401F4B1C4F00C67BCF /* Release */ = {
			isa = XCBuildConfiguration;
			buildSettings = {
				ASSETCATALOG_COMPILER_APPICON_NAME = AppIcon;
				INFOPLIST_FILE = "$(SRCROOT)/1.RunTime/Resource/Info.plist";
				IPHONEOS_DEPLOYMENT_TARGET = 8.0;
				LD_RUNPATH_SEARCH_PATHS = "$(inherited) @executable_path/Frameworks";
				PRODUCT_BUNDLE_IDENTIFIER = "com.runTime.RunTime.--RunTime";
				PRODUCT_NAME = "$(TARGET_NAME)";
			};
			name = Release;
		};
		A4D7BF421F4B1C4F00C67BCF /* Debug */ = {
			isa = XCBuildConfiguration;
			buildSettings = {
				BUNDLE_LOADER = "$(TEST_HOST)";
				INFOPLIST_FILE = 1.RunTimeTests/Info.plist;
				LD_RUNPATH_SEARCH_PATHS = "$(inherited) @executable_path/Frameworks @loader_path/Frameworks";
				PRODUCT_BUNDLE_IDENTIFIER = "com.runTime.RunTime.--RunTimeTests";
				PRODUCT_NAME = "$(TARGET_NAME)";
				TEST_HOST = "$(BUILT_PRODUCTS_DIR)/1.RunTime.app/1.RunTime";
			};
			name = Debug;
		};
		A4D7BF431F4B1C4F00C67BCF /* Release */ = {
			isa = XCBuildConfiguration;
			buildSettings = {
				BUNDLE_LOADER = "$(TEST_HOST)";
				INFOPLIST_FILE = 1.RunTimeTests/Info.plist;
				LD_RUNPATH_SEARCH_PATHS = "$(inherited) @executable_path/Frameworks @loader_path/Frameworks";
				PRODUCT_BUNDLE_IDENTIFIER = "com.runTime.RunTime.--RunTimeTests";
				PRODUCT_NAME = "$(TARGET_NAME)";
				TEST_HOST = "$(BUILT_PRODUCTS_DIR)/1.RunTime.app/1.RunTime";
			};
			name = Release;
		};
		A4D7BF451F4B1C4F00C67BCF /* Debug */ = {
			isa = XCBuildConfiguration;
			buildSettings = {
				INFOPLIST_FILE = 1.RunTimeUITests/Info.plist;
				LD_RUNPATH_SEARCH_PATHS = "$(inherited) @executable_path/Frameworks @loader_path/Frameworks";
				PRODUCT_BUNDLE_IDENTIFIER = "com.runTime.RunTime.--RunTimeUITests";
				PRODUCT_NAME = "$(TARGET_NAME)";
				TEST_TARGET_NAME = 1.RunTime;
			};
			name = Debug;
		};
		A4D7BF461F4B1C4F00C67BCF /* Release */ = {
			isa = XCBuildConfiguration;
			buildSettings = {
				INFOPLIST_FILE = 1.RunTimeUITests/Info.plist;
				LD_RUNPATH_SEARCH_PATHS = "$(inherited) @executable_path/Frameworks @loader_path/Frameworks";
				PRODUCT_BUNDLE_IDENTIFIER = "com.runTime.RunTime.--RunTimeUITests";
				PRODUCT_NAME = "$(TARGET_NAME)";
				TEST_TARGET_NAME = 1.RunTime;
			};
			name = Release;
		};
/* End XCBuildConfiguration section */

/* Begin XCConfigurationList section */
		A4D7BF0C1F4B1C4F00C67BCF /* Build configuration list for PBXProject "1.RunTime" */ = {
			isa = XCConfigurationList;
			buildConfigurations = (
				A4D7BF3C1F4B1C4F00C67BCF /* Debug */,
				A4D7BF3D1F4B1C4F00C67BCF /* Release */,
			);
			defaultConfigurationIsVisible = 0;
			defaultConfigurationName = Release;
		};
		A4D7BF3E1F4B1C4F00C67BCF /* Build configuration list for PBXNativeTarget "1.RunTime" */ = {
			isa = XCConfigurationList;
			buildConfigurations = (
				A4D7BF3F1F4B1C4F00C67BCF /* Debug */,
				A4D7BF401F4B1C4F00C67BCF /* Release */,
			);
			defaultConfigurationIsVisible = 0;
			defaultConfigurationName = Release;
		};
		A4D7BF411F4B1C4F00C67BCF /* Build configuration list for PBXNativeTarget "1.RunTimeTests" */ = {
			isa = XCConfigurationList;
			buildConfigurations = (
				A4D7BF421F4B1C4F00C67BCF /* Debug */,
				A4D7BF431F4B1C4F00C67BCF /* Release */,
			);
			defaultConfigurationIsVisible = 0;
			defaultConfigurationName = Release;
		};
		A4D7BF441F4B1C4F00C67BCF /* Build configuration list for PBXNativeTarget "1.RunTimeUITests" */ = {
			isa = XCConfigurationList;
			buildConfigurations = (
				A4D7BF451F4B1C4F00C67BCF /* Debug */,
				A4D7BF461F4B1C4F00C67BCF /* Release */,
			);
			defaultConfigurationIsVisible = 0;
			defaultConfigurationName = Release;
		};
/* End XCConfigurationList section */
	};
	rootObject = A4D7BF091F4B1C4F00C67BCF /* Project object */;
}
