// !$*UTF8*$!
{
	archiveVersion = 1;
	classes = {
	};
	objectVersion = 46;
	objects = {

/* Begin PBXBuildFile section */
		A465B8AC1F35A2B4008210DB /* main.m in Sources */ = {isa = PBXBuildFile; fileRef = A465B8AB1F35A2B4008210DB /* main.m */; };
		A465B8C51F35A2B4008210DB /* GCD_ExampleTests.m in Sources */ = {isa = PBXBuildFile; fileRef = A465B8C41F35A2B4008210DB /* GCD_ExampleTests.m */; };
		A465B8D01F35A2B4008210DB /* GCD_ExampleUITests.m in Sources */ = {isa = PBXBuildFile; fileRef = A465B8CF1F35A2B4008210DB /* GCD_ExampleUITests.m */; };
		A465B8EA1F35A30A008210DB /* AppDelegate.m in Sources */ = {isa = PBXBuildFile; fileRef = A465B8E21F35A30A008210DB /* AppDelegate.m */; };
		A465B8EB1F35A30A008210DB /* Assets.xcassets in Resources */ = {isa = PBXBuildFile; fileRef = A465B8E41F35A30A008210DB /* Assets.xcassets */; };
		A465B8EC1F35A30A008210DB /* LaunchScreen.storyboard in Resources */ = {isa = PBXBuildFile; fileRef = A465B8E51F35A30A008210DB /* LaunchScreen.storyboard */; };
		A465B8ED1F35A30A008210DB /* Main.storyboard in Resources */ = {isa = PBXBuildFile; fileRef = A465B8E71F35A30A008210DB /* Main.storyboard */; };
		A465B8EE1F35A30A008210DB /* Info.plist in Resources */ = {isa = PBXBuildFile; fileRef = A465B8E91F35A30A008210DB /* Info.plist */; };
		A465B8F11F35A357008210DB /* GCDController.m in Sources */ = {isa = PBXBuildFile; fileRef = A465B8F01F35A357008210DB /* GCDController.m */; };
/* End PBXBuildFile section */

/* Begin PBXContainerItemProxy section */
		A465B8C11F35A2B4008210DB /* PBXContainerItemProxy */ = {
			isa = PBXContainerItemProxy;
			containerPortal = A465B89F1F35A2B4008210DB /* Project object */;
			proxyType = 1;
			remoteGlobalIDString = A465B8A61F35A2B4008210DB;
			remoteInfo = "GCD-Example";
		};
		A465B8CC1F35A2B4008210DB /* PBXContainerItemProxy */ = {
			isa = PBXContainerItemProxy;
			containerPortal = A465B89F1F35A2B4008210DB /* Project object */;
			proxyType = 1;
			remoteGlobalIDString = A465B8A61F35A2B4008210DB;
			remoteInfo = "GCD-Example";
		};
/* End PBXContainerItemProxy section */

/* Begin PBXFileReference section */
		A465B8A71F35A2B4008210DB /* GCD-Example.app */ = {isa = PBXFileReference; explicitFileType = wrapper.application; includeInIndex = 0; path = "GCD-Example.app"; sourceTree = BUILT_PRODUCTS_DIR; };
		A465B8AB1F35A2B4008210DB /* main.m */ = {isa = PBXFileReference; lastKnownFileType = sourcecode.c.objc; path = main.m; sourceTree = "<group>"; };
		A465B8C01F35A2B4008210DB /* GCD-ExampleTests.xctest */ = {isa = PBXFileReference; explicitFileType = wrapper.cfbundle; includeInIndex = 0; path = "GCD-ExampleTests.xctest"; sourceTree = BUILT_PRODUCTS_DIR; };
		A465B8C41F35A2B4008210DB /* GCD_ExampleTests.m */ = {isa = PBXFileReference; lastKnownFileType = sourcecode.c.objc; path = GCD_ExampleTests.m; sourceTree = "<group>"; };
		A465B8C61F35A2B4008210DB /* Info.plist */ = {isa = PBXFileReference; lastKnownFileType = text.plist.xml; path = Info.plist; sourceTree = "<group>"; };
		A465B8CB1F35A2B4008210DB /* GCD-ExampleUITests.xctest */ = {isa = PBXFileReference; explicitFileType = wrapper.cfbundle; includeInIndex = 0; path = "GCD-ExampleUITests.xctest"; sourceTree = BUILT_PRODUCTS_DIR; };
		A465B8CF1F35A2B4008210DB /* GCD_ExampleUITests.m */ = {isa = PBXFileReference; lastKnownFileType = sourcecode.c.objc; path = GCD_ExampleUITests.m; sourceTree = "<group>"; };
		A465B8D11F35A2B4008210DB /* Info.plist */ = {isa = PBXFileReference; lastKnownFileType = text.plist.xml; path = Info.plist; sourceTree = "<group>"; };
		A465B8E11F35A30A008210DB /* AppDelegate.h */ = {isa = PBXFileReference; fileEncoding = 4; lastKnownFileType = sourcecode.c.h; path = AppDelegate.h; sourceTree = "<group>"; };
		A465B8E21F35A30A008210DB /* AppDelegate.m */ = {isa = PBXFileReference; fileEncoding = 4; lastKnownFileType = sourcecode.c.objc; path = AppDelegate.m; sourceTree = "<group>"; };
		A465B8E41F35A30A008210DB /* Assets.xcassets */ = {isa = PBXFileReference; lastKnownFileType = folder.assetcatalog; path = Assets.xcassets; sourceTree = "<group>"; };
		A465B8E61F35A30A008210DB /* Base */ = {isa = PBXFileReference; lastKnownFileType = file.storyboard; name = Base; path = Base.lproj/LaunchScreen.storyboard; sourceTree = "<group>"; };
		A465B8E81F35A30A008210DB /* Base */ = {isa = PBXFileReference; lastKnownFileType = file.storyboard; name = Base; path = Base.lproj/Main.storyboard; sourceTree = "<group>"; };
		A465B8E91F35A30A008210DB /* Info.plist */ = {isa = PBXFileReference; fileEncoding = 4; lastKnownFileType = text.plist.xml; path = Info.plist; sourceTree = "<group>"; };
		A465B8EF1F35A357008210DB /* GCDController.h */ = {isa = PBXFileReference; fileEncoding = 4; lastKnownFileType = sourcecode.c.h; path = GCDController.h; sourceTree = "<group>"; };
		A465B8F01F35A357008210DB /* GCDController.m */ = {isa = PBXFileReference; fileEncoding = 4; lastKnownFileType = sourcecode.c.objc; path = GCDController.m; sourceTree = "<group>"; };
/* End PBXFileReference section */

/* Begin PBXFrameworksBuildPhase section */
		A465B8A41F35A2B4008210DB /* Frameworks */ = {
			isa = PBXFrameworksBuildPhase;
			buildActionMask = 2147483647;
			files = (
			);
			runOnlyForDeploymentPostprocessing = 0;
		};
		A465B8BD1F35A2B4008210DB /* Frameworks */ = {
			isa = PBXFrameworksBuildPhase;
			buildActionMask = 2147483647;
			files = (
			);
			runOnlyForDeploymentPostprocessing = 0;
		};
		A465B8C81F35A2B4008210DB /* Frameworks */ = {
			isa = PBXFrameworksBuildPhase;
			buildActionMask = 2147483647;
			files = (
			);
			runOnlyForDeploymentPostprocessing = 0;
		};
/* End PBXFrameworksBuildPhase section */

/* Begin PBXGroup section */
		A465B89E1F35A2B4008210DB = {
			isa = PBXGroup;
			children = (
				A465B8A91F35A2B4008210DB /* GCD-Example */,
				A465B8C31F35A2B4008210DB /* GCD-ExampleTests */,
				A465B8CE1F35A2B4008210DB /* GCD-ExampleUITests */,
				A465B8A81F35A2B4008210DB /* Products */,
			);
			sourceTree = "<group>";
		};
		A465B8A81F35A2B4008210DB /* Products */ = {
			isa = PBXGroup;
			children = (
				A465B8A71F35A2B4008210DB /* GCD-Example.app */,
				A465B8C01F35A2B4008210DB /* GCD-ExampleTests.xctest */,
				A465B8CB1F35A2B4008210DB /* GCD-ExampleUITests.xctest */,
			);
			name = Products;
			sourceTree = "<group>";
		};
		A465B8A91F35A2B4008210DB /* GCD-Example */ = {
			isa = PBXGroup;
			children = (
				A465B8E01F35A30A008210DB /* AppDelegate */,
				A465B8E31F35A30A008210DB /* Resource */,
				A465B8DD1F35A304008210DB /* Module */,
				A465B8AA1F35A2B4008210DB /* Supporting Files */,
			);
			path = "GCD-Example";
			sourceTree = "<group>";
		};
		A465B8AA1F35A2B4008210DB /* Supporting Files */ = {
			isa = PBXGroup;
			children = (
				A465B8AB1F35A2B4008210DB /* main.m */,
			);
			name = "Supporting Files";
			sourceTree = "<group>";
		};
		A465B8C31F35A2B4008210DB /* GCD-ExampleTests */ = {
			isa = PBXGroup;
			children = (
				A465B8C41F35A2B4008210DB /* GCD_ExampleTests.m */,
				A465B8C61F35A2B4008210DB /* Info.plist */,
			);
			path = "GCD-ExampleTests";
			sourceTree = "<group>";
		};
		A465B8CE1F35A2B4008210DB /* GCD-ExampleUITests */ = {
			isa = PBXGroup;
			children = (
				A465B8CF1F35A2B4008210DB /* GCD_ExampleUITests.m */,
				A465B8D11F35A2B4008210DB /* Info.plist */,
			);
			path = "GCD-ExampleUITests";
			sourceTree = "<group>";
		};
		A465B8DD1F35A304008210DB /* Module */ = {
			isa = PBXGroup;
			children = (
				A465B8DE1F35A304008210DB /* GCD */,
			);
			path = Module;
			sourceTree = "<group>";
		};
		A465B8DE1F35A304008210DB /* GCD */ = {
			isa = PBXGroup;
			children = (
				A465B8DF1F35A304008210DB /* Controller */,
			);
			path = GCD;
			sourceTree = "<group>";
		};
		A465B8DF1F35A304008210DB /* Controller */ = {
			isa = PBXGroup;
			children = (
				A465B8EF1F35A357008210DB /* GCDController.h */,
				A465B8F01F35A357008210DB /* GCDController.m */,
			);
			path = Controller;
			sourceTree = "<group>";
		};
		A465B8E01F35A30A008210DB /* AppDelegate */ = {
			isa = PBXGroup;
			children = (
				A465B8E11F35A30A008210DB /* AppDelegate.h */,
				A465B8E21F35A30A008210DB /* AppDelegate.m */,
			);
			path = AppDelegate;
			sourceTree = "<group>";
		};
		A465B8E31F35A30A008210DB /* Resource */ = {
			isa = PBXGroup;
			children = (
				A465B8E41F35A30A008210DB /* Assets.xcassets */,
				A465B8E51F35A30A008210DB /* LaunchScreen.storyboard */,
				A465B8E71F35A30A008210DB /* Main.storyboard */,
				A465B8E91F35A30A008210DB /* Info.plist */,
			);
			path = Resource;
			sourceTree = "<group>";
		};
/* End PBXGroup section */

/* Begin PBXNativeTarget section */
		A465B8A61F35A2B4008210DB /* GCD-Example */ = {
			isa = PBXNativeTarget;
			buildConfigurationList = A465B8D41F35A2B4008210DB /* Build configuration list for PBXNativeTarget "GCD-Example" */;
			buildPhases = (
				A465B8A31F35A2B4008210DB /* Sources */,
				A465B8A41F35A2B4008210DB /* Frameworks */,
				A465B8A51F35A2B4008210DB /* Resources */,
			);
			buildRules = (
			);
			dependencies = (
			);
			name = "GCD-Example";
			productName = "GCD-Example";
			productReference = A465B8A71F35A2B4008210DB /* GCD-Example.app */;
			productType = "com.apple.product-type.application";
		};
		A465B8BF1F35A2B4008210DB /* GCD-ExampleTests */ = {
			isa = PBXNativeTarget;
			buildConfigurationList = A465B8D71F35A2B4008210DB /* Build configuration list for PBXNativeTarget "GCD-ExampleTests" */;
			buildPhases = (
				A465B8BC1F35A2B4008210DB /* Sources */,
				A465B8BD1F35A2B4008210DB /* Frameworks */,
				A465B8BE1F35A2B4008210DB /* Resources */,
			);
			buildRules = (
			);
			dependencies = (
				A465B8C21F35A2B4008210DB /* PBXTargetDependency */,
			);
			name = "GCD-ExampleTests";
			productName = "GCD-ExampleTests";
			productReference = A465B8C01F35A2B4008210DB /* GCD-ExampleTests.xctest */;
			productType = "com.apple.product-type.bundle.unit-test";
		};
		A465B8CA1F35A2B4008210DB /* GCD-ExampleUITests */ = {
			isa = PBXNativeTarget;
			buildConfigurationList = A465B8DA1F35A2B4008210DB /* Build configuration list for PBXNativeTarget "GCD-ExampleUITests" */;
			buildPhases = (
				A465B8C71F35A2B4008210DB /* Sources */,
				A465B8C81F35A2B4008210DB /* Frameworks */,
				A465B8C91F35A2B4008210DB /* Resources */,
			);
			buildRules = (
			);
			dependencies = (
				A465B8CD1F35A2B4008210DB /* PBXTargetDependency */,
			);
			name = "GCD-ExampleUITests";
			productName = "GCD-ExampleUITests";
			productReference = A465B8CB1F35A2B4008210DB /* GCD-ExampleUITests.xctest */;
			productType = "com.apple.product-type.bundle.ui-testing";
		};
/* End PBXNativeTarget section */

/* Begin PBXProject section */
		A465B89F1F35A2B4008210DB /* Project object */ = {
			isa = PBXProject;
			attributes = {
				LastUpgradeCheck = 0830;
				TargetAttributes = {
					A465B8A61F35A2B4008210DB = {
						CreatedOnToolsVersion = 8.3.3;
						ProvisioningStyle = Automatic;
					};
					A465B8BF1F35A2B4008210DB = {
						CreatedOnToolsVersion = 8.3.3;
						ProvisioningStyle = Automatic;
						TestTargetID = A465B8A61F35A2B4008210DB;
					};
					A465B8CA1F35A2B4008210DB = {
						CreatedOnToolsVersion = 8.3.3;
						ProvisioningStyle = Automatic;
						TestTargetID = A465B8A61F35A2B4008210DB;
					};
				};
			};
			buildConfigurationList = A465B8A21F35A2B4008210DB /* Build configuration list for PBXProject "GCD-Example" */;
			compatibilityVersion = "Xcode 3.2";
			developmentRegion = English;
			hasScannedForEncodings = 0;
			knownRegions = (
				en,
				Base,
			);
			mainGroup = A465B89E1F35A2B4008210DB;
			productRefGroup = A465B8A81F35A2B4008210DB /* Products */;
			projectDirPath = "";
			projectRoot = "";
			targets = (
				A465B8A61F35A2B4008210DB /* GCD-Example */,
				A465B8BF1F35A2B4008210DB /* GCD-ExampleTests */,
				A465B8CA1F35A2B4008210DB /* GCD-ExampleUITests */,
			);
		};
/* End PBXProject section */

/* Begin PBXResourcesBuildPhase section */
		A465B8A51F35A2B4008210DB /* Resources */ = {
			isa = PBXResourcesBuildPhase;
			buildActionMask = 2147483647;
			files = (
				A465B8EB1F35A30A008210DB /* Assets.xcassets in Resources */,
				A465B8ED1F35A30A008210DB /* Main.storyboard in Resources */,
				A465B8EC1F35A30A008210DB /* LaunchScreen.storyboard in Resources */,
				A465B8EE1F35A30A008210DB /* Info.plist in Resources */,
			);
			runOnlyForDeploymentPostprocessing = 0;
		};
		A465B8BE1F35A2B4008210DB /* Resources */ = {
			isa = PBXResourcesBuildPhase;
			buildActionMask = 2147483647;
			files = (
			);
			runOnlyForDeploymentPostprocessing = 0;
		};
		A465B8C91F35A2B4008210DB /* Resources */ = {
			isa = PBXResourcesBuildPhase;
			buildActionMask = 2147483647;
			files = (
			);
			runOnlyForDeploymentPostprocessing = 0;
		};
/* End PBXResourcesBuildPhase section */

/* Begin PBXSourcesBuildPhase section */
		A465B8A31F35A2B4008210DB /* Sources */ = {
			isa = PBXSourcesBuildPhase;
			buildActionMask = 2147483647;
			files = (
				A465B8EA1F35A30A008210DB /* AppDelegate.m in Sources */,
				A465B8F11F35A357008210DB /* GCDController.m in Sources */,
				A465B8AC1F35A2B4008210DB /* main.m in Sources */,
			);
			runOnlyForDeploymentPostprocessing = 0;
		};
		A465B8BC1F35A2B4008210DB /* Sources */ = {
			isa = PBXSourcesBuildPhase;
			buildActionMask = 2147483647;
			files = (
				A465B8C51F35A2B4008210DB /* GCD_ExampleTests.m in Sources */,
			);
			runOnlyForDeploymentPostprocessing = 0;
		};
		A465B8C71F35A2B4008210DB /* Sources */ = {
			isa = PBXSourcesBuildPhase;
			buildActionMask = 2147483647;
			files = (
				A465B8D01F35A2B4008210DB /* GCD_ExampleUITests.m in Sources */,
			);
			runOnlyForDeploymentPostprocessing = 0;
		};
/* End PBXSourcesBuildPhase section */

/* Begin PBXTargetDependency section */
		A465B8C21F35A2B4008210DB /* PBXTargetDependency */ = {
			isa = PBXTargetDependency;
			target = A465B8A61F35A2B4008210DB /* GCD-Example */;
			targetProxy = A465B8C11F35A2B4008210DB /* PBXContainerItemProxy */;
		};
		A465B8CD1F35A2B4008210DB /* PBXTargetDependency */ = {
			isa = PBXTargetDependency;
			target = A465B8A61F35A2B4008210DB /* GCD-Example */;
			targetProxy = A465B8CC1F35A2B4008210DB /* PBXContainerItemProxy */;
		};
/* End PBXTargetDependency section */

/* Begin PBXVariantGroup section */
		A465B8E51F35A30A008210DB /* LaunchScreen.storyboard */ = {
			isa = PBXVariantGroup;
			children = (
				A465B8E61F35A30A008210DB /* Base */,
			);
			name = LaunchScreen.storyboard;
			sourceTree = "<group>";
		};
		A465B8E71F35A30A008210DB /* Main.storyboard */ = {
			isa = PBXVariantGroup;
			children = (
				A465B8E81F35A30A008210DB /* Base */,
			);
			name = Main.storyboard;
			sourceTree = "<group>";
		};
/* End PBXVariantGroup section */

/* Begin XCBuildConfiguration section */
		A465B8D21F35A2B4008210DB /* Debug */ = {
			isa = XCBuildConfiguration;
			buildSettings = {
				ALWAYS_SEARCH_USER_PATHS = NO;
				CLANG_ANALYZER_NONNULL = YES;
				CLANG_ANALYZER_NUMBER_OBJECT_CONVERSION = YES_AGGRESSIVE;
				CLANG_CXX_LANGUAGE_STANDARD = "gnu++0x";
				CLANG_CXX_LIBRARY = "libc++";
				CLANG_ENABLE_MODULES = YES;
				CLANG_ENABLE_OBJC_ARC = YES;
				CLANG_WARN_BOOL_CONVERSION = YES;
				CLANG_WARN_CONSTANT_CONVERSION = YES;
				CLANG_WARN_DIRECT_OBJC_ISA_USAGE = YES_ERROR;
				CLANG_WARN_DOCUMENTATION_COMMENTS = YES;
				CLANG_WARN_EMPTY_BODY = YES;
				CLANG_WARN_ENUM_CONVERSION = YES;
				CLANG_WARN_INFINITE_RECURSION = YES;
				CLANG_WARN_INT_CONVERSION = YES;
				CLANG_WARN_OBJC_ROOT_CLASS = YES_ERROR;
				CLANG_WARN_SUSPICIOUS_MOVE = YES;
				CLANG_WARN_UNREACHABLE_CODE = YES;
				CLANG_WARN__DUPLICATE_METHOD_MATCH = YES;
				"CODE_SIGN_IDENTITY[sdk=iphoneos*]" = "iPhone Developer";
				COPY_PHASE_STRIP = NO;
				DEBUG_INFORMATION_FORMAT = dwarf;
				ENABLE_STRICT_OBJC_MSGSEND = YES;
				ENABLE_TESTABILITY = YES;
				GCC_C_LANGUAGE_STANDARD = gnu99;
				GCC_DYNAMIC_NO_PIC = NO;
				GCC_NO_COMMON_BLOCKS = YES;
				GCC_OPTIMIZATION_LEVEL = 0;
				GCC_PREPROCESSOR_DEFINITIONS = (
					"DEBUG=1",
					"$(inherited)",
				);
				GCC_WARN_64_TO_32_BIT_CONVERSION = YES;
				GCC_WARN_ABOUT_RETURN_TYPE = YES_ERROR;
				GCC_WARN_UNDECLARED_SELECTOR = YES;
				GCC_WARN_UNINITIALIZED_AUTOS = YES_AGGRESSIVE;
				GCC_WARN_UNUSED_FUNCTION = YES;
				GCC_WARN_UNUSED_VARIABLE = YES;
				IPHONEOS_DEPLOYMENT_TARGET = 10.3;
				MTL_ENABLE_DEBUG_INFO = YES;
				ONLY_ACTIVE_ARCH = YES;
				SDKROOT = iphoneos;
				TARGETED_DEVICE_FAMILY = "1,2";
			};
			name = Debug;
		};
		A465B8D31F35A2B4008210DB /* Release */ = {
			isa = XCBuildConfiguration;
			buildSettings = {
				ALWAYS_SEARCH_USER_PATHS = NO;
				CLANG_ANALYZER_NONNULL = YES;
				CLANG_ANALYZER_NUMBER_OBJECT_CONVERSION = YES_AGGRESSIVE;
				CLANG_CXX_LANGUAGE_STANDARD = "gnu++0x";
				CLANG_CXX_LIBRARY = "libc++";
				CLANG_ENABLE_MODULES = YES;
				CLANG_ENABLE_OBJC_ARC = YES;
				CLANG_WARN_BOOL_CONVERSION = YES;
				CLANG_WARN_CONSTANT_CONVERSION = YES;
				CLANG_WARN_DIRECT_OBJC_ISA_USAGE = YES_ERROR;
				CLANG_WARN_DOCUMENTATION_COMMENTS = YES;
				CLANG_WARN_EMPTY_BODY = YES;
				CLANG_WARN_ENUM_CONVERSION = YES;
				CLANG_WARN_INFINITE_RECURSION = YES;
				CLANG_WARN_INT_CONVERSION = YES;
				CLANG_WARN_OBJC_ROOT_CLASS = YES_ERROR;
				CLANG_WARN_SUSPICIOUS_MOVE = YES;
				CLANG_WARN_UNREACHABLE_CODE = YES;
				CLANG_WARN__DUPLICATE_METHOD_MATCH = YES;
				"CODE_SIGN_IDENTITY[sdk=iphoneos*]" = "iPhone Developer";
				COPY_PHASE_STRIP = NO;
				DEBUG_INFORMATION_FORMAT = "dwarf-with-dsym";
				ENABLE_NS_ASSERTIONS = NO;
				ENABLE_STRICT_OBJC_MSGSEND = YES;
				GCC_C_LANGUAGE_STANDARD = gnu99;
				GCC_NO_COMMON_BLOCKS = YES;
				GCC_WARN_64_TO_32_BIT_CONVERSION = YES;
				GCC_WARN_ABOUT_RETURN_TYPE = YES_ERROR;
				GCC_WARN_UNDECLARED_SELECTOR = YES;
				GCC_WARN_UNINITIALIZED_AUTOS = YES_AGGRESSIVE;
				GCC_WARN_UNUSED_FUNCTION = YES;
				GCC_WARN_UNUSED_VARIABLE = YES;
				IPHONEOS_DEPLOYMENT_TARGET = 10.3;
				MTL_ENABLE_DEBUG_INFO = NO;
				SDKROOT = iphoneos;
				TARGETED_DEVICE_FAMILY = "1,2";
				VALIDATE_PRODUCT = YES;
			};
			name = Release;
		};
		A465B8D51F35A2B4008210DB /* Debug */ = {
			isa = XCBuildConfiguration;
			buildSettings = {
				ASSETCATALOG_COMPILER_APPICON_NAME = AppIcon;
				INFOPLIST_FILE = "$(SRCROOT)/GCD-Example/Resource/Info.plist";
				IPHONEOS_DEPLOYMENT_TARGET = 8.0;
				LD_RUNPATH_SEARCH_PATHS = "$(inherited) @executable_path/Frameworks";
				PRODUCT_BUNDLE_IDENTIFIER = "com.gcd.GCD-Example.GCD-Example";
				PRODUCT_NAME = "$(TARGET_NAME)";
			};
			name = Debug;
		};
		A465B8D61F35A2B4008210DB /* Release */ = {
			isa = XCBuildConfiguration;
			buildSettings = {
				ASSETCATALOG_COMPILER_APPICON_NAME = AppIcon;
				INFOPLIST_FILE = "$(SRCROOT)/GCD-Example/Resource/Info.plist";
				IPHONEOS_DEPLOYMENT_TARGET = 8.0;
				LD_RUNPATH_SEARCH_PATHS = "$(inherited) @executable_path/Frameworks";
				PRODUCT_BUNDLE_IDENTIFIER = "com.gcd.GCD-Example.GCD-Example";
				PRODUCT_NAME = "$(TARGET_NAME)";
			};
			name = Release;
		};
		A465B8D81F35A2B4008210DB /* Debug */ = {
			isa = XCBuildConfiguration;
			buildSettings = {
				BUNDLE_LOADER = "$(TEST_HOST)";
				INFOPLIST_FILE = "GCD-ExampleTests/Info.plist";
				LD_RUNPATH_SEARCH_PATHS = "$(inherited) @executable_path/Frameworks @loader_path/Frameworks";
				PRODUCT_BUNDLE_IDENTIFIER = "com.gcd.GCD-Example.GCD-ExampleTests";
				PRODUCT_NAME = "$(TARGET_NAME)";
				TEST_HOST = "$(BUILT_PRODUCTS_DIR)/GCD-Example.app/GCD-Example";
			};
			name = Debug;
		};
		A465B8D91F35A2B4008210DB /* Release */ = {
			isa = XCBuildConfiguration;
			buildSettings = {
				BUNDLE_LOADER = "$(TEST_HOST)";
				INFOPLIST_FILE = "GCD-ExampleTests/Info.plist";
				LD_RUNPATH_SEARCH_PATHS = "$(inherited) @executable_path/Frameworks @loader_path/Frameworks";
				PRODUCT_BUNDLE_IDENTIFIER = "com.gcd.GCD-Example.GCD-ExampleTests";
				PRODUCT_NAME = "$(TARGET_NAME)";
				TEST_HOST = "$(BUILT_PRODUCTS_DIR)/GCD-Example.app/GCD-Example";
			};
			name = Release;
		};
		A465B8DB1F35A2B4008210DB /* Debug */ = {
			isa = XCBuildConfiguration;
			buildSettings = {
				INFOPLIST_FILE = "GCD-ExampleUITests/Info.plist";
				LD_RUNPATH_SEARCH_PATHS = "$(inherited) @executable_path/Frameworks @loader_path/Frameworks";
				PRODUCT_BUNDLE_IDENTIFIER = "com.gcd.GCD-Example.GCD-ExampleUITests";
				PRODUCT_NAME = "$(TARGET_NAME)";
				TEST_TARGET_NAME = "GCD-Example";
			};
			name = Debug;
		};
		A465B8DC1F35A2B4008210DB /* Release */ = {
			isa = XCBuildConfiguration;
			buildSettings = {
				INFOPLIST_FILE = "GCD-ExampleUITests/Info.plist";
				LD_RUNPATH_SEARCH_PATHS = "$(inherited) @executable_path/Frameworks @loader_path/Frameworks";
				PRODUCT_BUNDLE_IDENTIFIER = "com.gcd.GCD-Example.GCD-ExampleUITests";
				PRODUCT_NAME = "$(TARGET_NAME)";
				TEST_TARGET_NAME = "GCD-Example";
			};
			name = Release;
		};
/* End XCBuildConfiguration section */

/* Begin XCConfigurationList section */
		A465B8A21F35A2B4008210DB /* Build configuration list for PBXProject "GCD-Example" */ = {
			isa = XCConfigurationList;
			buildConfigurations = (
				A465B8D21F35A2B4008210DB /* Debug */,
				A465B8D31F35A2B4008210DB /* Release */,
			);
			defaultConfigurationIsVisible = 0;
			defaultConfigurationName = Release;
		};
		A465B8D41F35A2B4008210DB /* Build configuration list for PBXNativeTarget "GCD-Example" */ = {
			isa = XCConfigurationList;
			buildConfigurations = (
				A465B8D51F35A2B4008210DB /* Debug */,
				A465B8D61F35A2B4008210DB /* Release */,
			);
			defaultConfigurationIsVisible = 0;
		};
		A465B8D71F35A2B4008210DB /* Build configuration list for PBXNativeTarget "GCD-ExampleTests" */ = {
			isa = XCConfigurationList;
			buildConfigurations = (
				A465B8D81F35A2B4008210DB /* Debug */,
				A465B8D91F35A2B4008210DB /* Release */,
			);
			defaultConfigurationIsVisible = 0;
		};
		A465B8DA1F35A2B4008210DB /* Build configuration list for PBXNativeTarget "GCD-ExampleUITests" */ = {
			isa = XCConfigurationList;
			buildConfigurations = (
				A465B8DB1F35A2B4008210DB /* Debug */,
				A465B8DC1F35A2B4008210DB /* Release */,
			);
			defaultConfigurationIsVisible = 0;
		};
/* End XCConfigurationList section */
	};
	rootObject = A465B89F1F35A2B4008210DB /* Project object */;
}
